{
  "version": 4,
  "terraform_version": "1.1.6",
  "serial": 1,
  "lineage": "4914e3b5-57f6-5582-bf56-a3127434633a",
  "outputs": {},
  "resources": [
    {
      "mode": "managed",
      "type": "azurerm_resource_group",
      "name": "DevRG",
      "provider": "provider[\"registry.terraform.io/hashicorp/azurerm\"]",
      "instances": [
        {
          "schema_version": 0,
          "attributes": {
            "id": "/subscriptions/f55aba78-6a4c-4da4-84be-d4037def0d50/resourceGroups/CloudskillsDevs",
            "location": "uksouth",
            "name": "CloudskillsDevs",
            "tags": {
              "Department": "IT",
              "environment": "Dev",
              "expireOn": "2021-06-10"
            },
            "timeouts": null
          },
          "sensitive_attributes": [],
          "private": "eyJlMmJmYjczMC1lY2FhLTExZTYtOGY4OC0zNDM2M2JjN2M0YzAiOnsiY3JlYXRlIjo1NDAwMDAwMDAwMDAwLCJkZWxldGUiOjU0MDAwMDAwMDAwMDAsInJlYWQiOjMwMDAwMDAwMDAwMCwidXBkYXRlIjo1NDAwMDAwMDAwMDAwfX0="
        }
      ]
    }
  ]
}
